<?xml version="1.0" encoding="utf-8"?>
<Project ToolsVersion="14.0" xmlns="http://schemas.microsoft.com/developer/msbuild/2003">
  <ItemGroup>
    <CustomBuild Include="C:\OSGeo4W64\QGIS\src\ui\qgisapp.ui" />
    <CustomBuild Include="C:\OSGeo4W64\QGIS\src\ui\qgsabout.ui" />
    <CustomBuild Include="C:\OSGeo4W64\QGIS\src\ui\qgsaddattrdialogbase.ui" />
    <CustomBuild Include="C:\OSGeo4W64\QGIS\src\ui\qgsaddtaborgroupbase.ui" />
    <CustomBuild Include="C:\OSGeo4W64\QGIS\src\ui\qgsadvanceddigitizingdockwidgetbase.ui" />
    <CustomBuild Include="C:\OSGeo4W64\QGIS\src\ui\qgsadvanceddigitizingfloaterbase.ui" />
    <CustomBuild Include="C:\OSGeo4W64\QGIS\src\ui\qgsadvancedsettingswidget.ui" />
    <CustomBuild Include="C:\OSGeo4W64\QGIS\src\ui\qgsalignrasterdialog.ui" />
    <CustomBuild Include="C:\OSGeo4W64\QGIS\src\ui\qgsanimationexportdialogbase.ui" />
    <CustomBuild Include="C:\OSGeo4W64\QGIS\src\ui\qgsannotationwidgetbase.ui" />
    <CustomBuild Include="C:\OSGeo4W64\QGIS\src\ui\qgsarcgisservicesourceselectbase.ui" />
    <CustomBuild Include="C:\OSGeo4W64\QGIS\src\ui\qgsarcgisvectortileconnectiondialog.ui" />
    <CustomBuild Include="C:\OSGeo4W64\QGIS\src\ui\qgsattributeactiondialogbase.ui" />
    <CustomBuild Include="C:\OSGeo4W64\QGIS\src\ui\qgsattributeactionpropertiesdialogbase.ui" />
    <CustomBuild Include="C:\OSGeo4W64\QGIS\src\ui\qgsattributeloadfrommap.ui" />
    <CustomBuild Include="C:\OSGeo4W64\QGIS\src\ui\qgsattributesforminitcode.ui" />
    <CustomBuild Include="C:\OSGeo4W64\QGIS\src\ui\qgsattributesformproperties.ui" />
    <CustomBuild Include="C:\OSGeo4W64\QGIS\src\ui\qgsattributetabledialog.ui" />
    <CustomBuild Include="C:\OSGeo4W64\QGIS\src\ui\qgsbookmarkeditordialog.ui" />
    <CustomBuild Include="C:\OSGeo4W64\QGIS\src\ui\qgsbookmarksbase.ui" />
    <CustomBuild Include="C:\OSGeo4W64\QGIS\src\ui\qgsbrowserdirectorypropertiesbase.ui" />
    <CustomBuild Include="C:\OSGeo4W64\QGIS\src\ui\qgsbrowserdockwidgetbase.ui" />
    <CustomBuild Include="C:\OSGeo4W64\QGIS\src\ui\qgsbrowserlayerpropertiesbase.ui" />
    <CustomBuild Include="C:\OSGeo4W64\QGIS\src\ui\qgsbrowserpropertiesdialogbase.ui" />
    <CustomBuild Include="C:\OSGeo4W64\QGIS\src\ui\qgscategorizedsymbolrendererwidget.ui" />
    <CustomBuild Include="C:\OSGeo4W64\QGIS\src\ui\qgscharacterselectdialogbase.ui" />
    <CustomBuild Include="C:\OSGeo4W64\QGIS\src\ui\qgscodeditorsettings.ui" />
    <CustomBuild Include="C:\OSGeo4W64\QGIS\src\ui\qgscolorbrewercolorrampwidgetbase.ui" />
    <CustomBuild Include="C:\OSGeo4W64\QGIS\src\ui\qgscolordialog.ui" />
    <CustomBuild Include="C:\OSGeo4W64\QGIS\src\ui\qgscolorrampshaderwidgetbase.ui" />
    <CustomBuild Include="C:\OSGeo4W64\QGIS\src\ui\qgscompoundcolorwidget.ui" />
    <CustomBuild Include="C:\OSGeo4W64\QGIS\src\ui\qgsconfigureshortcutsdialog.ui" />
    <CustomBuild Include="C:\OSGeo4W64\QGIS\src\ui\qgscoordinateoperationwidgetbase.ui" />
    <CustomBuild Include="C:\OSGeo4W64\QGIS\src\ui\qgscptcitycolorrampdialogbase.ui" />
    <CustomBuild Include="C:\OSGeo4W64\QGIS\src\ui\qgscredentialdialog.ui" />
    <CustomBuild Include="C:\OSGeo4W64\QGIS\src\ui\qgscustomizationdialogbase.ui" />
    <CustomBuild Include="C:\OSGeo4W64\QGIS\src\ui\qgscustomprojectiondialogbase.ui" />
    <CustomBuild Include="C:\OSGeo4W64\QGIS\src\ui\qgsdatadefinedsizelegendwidget.ui" />
    <CustomBuild Include="C:\OSGeo4W64\QGIS\src\ui\qgsdatasourcemanagerdialog.ui" />
    <CustomBuild Include="C:\OSGeo4W64\QGIS\src\ui\qgsdatasourceselectdialog.ui" />
    <CustomBuild Include="C:\OSGeo4W64\QGIS\src\ui\qgsdatumtransformdialogbase.ui" />
    <CustomBuild Include="C:\OSGeo4W64\QGIS\src\ui\qgsdatumtransformtablewidgetbase.ui" />
    <CustomBuild Include="C:\OSGeo4W64\QGIS\src\ui\qgsdb2newconnectionbase.ui" />
    <CustomBuild Include="C:\OSGeo4W64\QGIS\src\ui\qgsdbsourceselectbase.ui" />
    <CustomBuild Include="C:\OSGeo4W64\QGIS\src\ui\qgsdecorationcopyrightdialog.ui" />
    <CustomBuild Include="C:\OSGeo4W64\QGIS\src\ui\qgsdecorationgriddialog.ui" />
    <CustomBuild Include="C:\OSGeo4W64\QGIS\src\ui\qgsdecorationimagedialog.ui" />
    <CustomBuild Include="C:\OSGeo4W64\QGIS\src\ui\qgsdecorationlayoutextentdialog.ui" />
    <CustomBuild Include="C:\OSGeo4W64\QGIS\src\ui\qgsdecorationnortharrowdialog.ui" />
    <CustomBuild Include="C:\OSGeo4W64\QGIS\src\ui\qgsdecorationscalebardialog.ui" />
    <CustomBuild Include="C:\OSGeo4W64\QGIS\src\ui\qgsdecorationtitledialog.ui" />
    <CustomBuild Include="C:\OSGeo4W64\QGIS\src\ui\qgsdelattrdialogbase.ui" />
    <CustomBuild Include="C:\OSGeo4W64\QGIS\src\ui\qgsdelimitedtextsourceselectbase.ui" />
    <CustomBuild Include="C:\OSGeo4W64\QGIS\src\ui\qgsdetaileditemwidgetbase.ui" />
    <CustomBuild Include="C:\OSGeo4W64\QGIS\src\ui\qgsdevtoolswidgetbase.ui" />
    <CustomBuild Include="C:\OSGeo4W64\QGIS\src\ui\qgsdiagrampropertiesbase.ui" />
    <CustomBuild Include="C:\OSGeo4W64\QGIS\src\ui\qgsdiscoverrelationsdialogbase.ui" />
    <CustomBuild Include="C:\OSGeo4W64\QGIS\src\ui\qgsdisplayanglebase.ui" />
    <CustomBuild Include="C:\OSGeo4W64\QGIS\src\ui\qgsdualviewbase.ui" />
    <CustomBuild Include="C:\OSGeo4W64\QGIS\src\ui\qgsdwgimportbase.ui" />
    <CustomBuild Include="C:\OSGeo4W64\QGIS\src\ui\qgsdxfexportdialogbase.ui" />
    <CustomBuild Include="C:\OSGeo4W64\QGIS\src\ui\qgseditconditionalformatrulewidget.ui" />
    <CustomBuild Include="C:\OSGeo4W64\QGIS\src\ui\qgserrordialogbase.ui" />
    <CustomBuild Include="C:\OSGeo4W64\QGIS\src\ui\qgsexpressionbuilder.ui" />
    <CustomBuild Include="C:\OSGeo4W64\QGIS\src\ui\qgsexpressionbuilderdialogbase.ui" />
    <CustomBuild Include="C:\OSGeo4W64\QGIS\src\ui\qgsexpressionpreviewbase.ui" />
    <CustomBuild Include="C:\OSGeo4W64\QGIS\src\ui\qgsexpressionselectiondialogbase.ui" />
    <CustomBuild Include="C:\OSGeo4W64\QGIS\src\ui\qgsexpressionstoredialogbase.ui" />
    <CustomBuild Include="C:\OSGeo4W64\QGIS\src\ui\qgsextentgroupboxwidget.ui" />
    <CustomBuild Include="C:\OSGeo4W64\QGIS\src\ui\qgsfeaturefilterwidget.ui" />
    <CustomBuild Include="C:\OSGeo4W64\QGIS\src\ui\qgsfeatureselectiondlg.ui" />
    <CustomBuild Include="C:\OSGeo4W64\QGIS\src\ui\qgsfieldcalculatorbase.ui" />
    <CustomBuild Include="C:\OSGeo4W64\QGIS\src\ui\qgsfieldconditionalformatwidget.ui" />
    <CustomBuild Include="C:\OSGeo4W64\QGIS\src\ui\qgsfindfilesbypatternwidget.ui" />
    <CustomBuild Include="C:\OSGeo4W64\QGIS\src\ui\qgsfirstrundialog.ui" />
    <CustomBuild Include="C:\OSGeo4W64\QGIS\src\ui\qgsformannotationdialogbase.ui" />
    <CustomBuild Include="C:\OSGeo4W64\QGIS\src\ui\qgsgdalsourceselectbase.ui" />
    <CustomBuild Include="C:\OSGeo4W64\QGIS\src\ui\qgsgenericprojectionselectorbase.ui" />
    <CustomBuild Include="C:\OSGeo4W64\QGIS\src\ui\qgsgeometryvalidationdockbase.ui" />
    <CustomBuild Include="C:\OSGeo4W64\QGIS\src\ui\qgsgeonodesourceselectbase.ui" />
    <CustomBuild Include="C:\OSGeo4W64\QGIS\src\ui\qgsgeopackageprojectstoragedialog.ui" />
    <CustomBuild Include="C:\OSGeo4W64\QGIS\src\ui\qgsgpsinformationwidgetbase.ui" />
    <CustomBuild Include="C:\OSGeo4W64\QGIS\src\ui\qgsgradientcolorrampdialogbase.ui" />
    <CustomBuild Include="C:\OSGeo4W64\QGIS\src\ui\qgsgraduatedsymbolrendererwidget.ui" />
    <CustomBuild Include="C:\OSGeo4W64\QGIS\src\ui\qgsgroupwmsdatadialogbase.ui" />
    <CustomBuild Include="C:\OSGeo4W64\QGIS\src\ui\qgshandlebadlayersbase.ui" />
    <CustomBuild Include="C:\OSGeo4W64\QGIS\src\ui\qgshistogramwidgetbase.ui" />
    <CustomBuild Include="C:\OSGeo4W64\QGIS\src\ui\qgsidentifyresultsbase.ui" />
    <CustomBuild Include="C:\OSGeo4W64\QGIS\src\ui\qgsinstallgridshiftdialog.ui" />
    <CustomBuild Include="C:\OSGeo4W64\QGIS\src\ui\qgsinvertedpolygonrendererwidgetbase.ui" />
    <CustomBuild Include="C:\OSGeo4W64\QGIS\src\ui\qgsjoindialogbase.ui" />
    <CustomBuild Include="C:\OSGeo4W64\QGIS\src\ui\qgslayertreeembeddedconfigwidgetbase.ui" />
    <CustomBuild Include="C:\OSGeo4W64\QGIS\src\ui\qgslegendpatchshapewidgetbase.ui" />
    <CustomBuild Include="C:\OSGeo4W64\QGIS\src\ui\qgslimitedrandomcolorrampwidgetbase.ui" />
    <CustomBuild Include="C:\OSGeo4W64\QGIS\src\ui\qgsludialogbase.ui" />
    <CustomBuild Include="C:\OSGeo4W64\QGIS\src\ui\qgsmanageconnectionsdialogbase.ui" />
    <CustomBuild Include="C:\OSGeo4W64\QGIS\src\ui\qgsmapcanvasdockwidgetbase.ui" />
    <CustomBuild Include="C:\OSGeo4W64\QGIS\src\ui\qgsmapsavedialog.ui" />
    <CustomBuild Include="C:\OSGeo4W64\QGIS\src\ui\qgsmapstylingwidgetbase.ui" />
    <CustomBuild Include="C:\OSGeo4W64\QGIS\src\ui\qgsmapunitscalewidgetbase.ui" />
    <CustomBuild Include="C:\OSGeo4W64\QGIS\src\ui\qgsmaskingwidgetbase.ui" />
    <CustomBuild Include="C:\OSGeo4W64\QGIS\src\ui\qgsmeasurebase.ui" />
    <CustomBuild Include="C:\OSGeo4W64\QGIS\src\ui\qgsmergeattributesdialogbase.ui" />
    <CustomBuild Include="C:\OSGeo4W64\QGIS\src\ui\qgsmessagelogviewer.ui" />
    <CustomBuild Include="C:\OSGeo4W64\QGIS\src\ui\qgsmessageviewer.ui" />
    <CustomBuild Include="C:\OSGeo4W64\QGIS\src\ui\qgsmetadatawidget.ui" />
    <CustomBuild Include="C:\OSGeo4W64\QGIS\src\ui\qgsmssqlnewconnectionbase.ui" />
    <CustomBuild Include="C:\OSGeo4W64\QGIS\src\ui\qgsmultibandcolorrendererwidgetbase.ui" />
    <CustomBuild Include="C:\OSGeo4W64\QGIS\src\ui\qgsnetworkloggerpanelbase.ui" />
    <CustomBuild Include="C:\OSGeo4W64\QGIS\src\ui\qgsnewauxiliaryfielddialogbase.ui" />
    <CustomBuild Include="C:\OSGeo4W64\QGIS\src\ui\qgsnewauxiliarylayerdialogbase.ui" />
    <CustomBuild Include="C:\OSGeo4W64\QGIS\src\ui\qgsnewdatabasetablenamewidget.ui" />
    <CustomBuild Include="C:\OSGeo4W64\QGIS\src\ui\qgsnewgeopackagelayerdialogbase.ui" />
    <CustomBuild Include="C:\OSGeo4W64\QGIS\src\ui\qgsnewhttpconnectionbase.ui" />
    <CustomBuild Include="C:\OSGeo4W64\QGIS\src\ui\qgsnewmemorylayerdialogbase.ui" />
    <CustomBuild Include="C:\OSGeo4W64\QGIS\src\ui\qgsnewogrconnectionbase.ui" />
    <CustomBuild Include="C:\OSGeo4W64\QGIS\src\ui\qgsnewspatialitelayerdialogbase.ui" />
    <CustomBuild Include="C:\OSGeo4W64\QGIS\src\ui\qgsnewvectorlayerdialogbase.ui" />
    <CustomBuild Include="C:\OSGeo4W64\QGIS\src\ui\qgsnewvectortabledialogbase.ui" />
    <CustomBuild Include="C:\OSGeo4W64\QGIS\src\ui\qgsoffsetuserinputwidget.ui" />
    <CustomBuild Include="C:\OSGeo4W64\QGIS\src\ui\qgsogrsourceselectbase.ui" />
    <CustomBuild Include="C:\OSGeo4W64\QGIS\src\ui\qgsoptionsbase.ui" />
    <CustomBuild Include="C:\OSGeo4W64\QGIS\src\ui\qgsoraclenewconnectionbase.ui" />
    <CustomBuild Include="C:\OSGeo4W64\QGIS\src\ui\qgsorderbydialogbase.ui" />
    <CustomBuild Include="C:\OSGeo4W64\QGIS\src\ui\qgsorganizetablecolumnsdialog.ui" />
    <CustomBuild Include="C:\OSGeo4W64\QGIS\src\ui\qgsowssourceselectbase.ui" />
    <CustomBuild Include="C:\OSGeo4W64\QGIS\src\ui\qgspalettedrendererwidgetbase.ui" />
    <CustomBuild Include="C:\OSGeo4W64\QGIS\src\ui\qgspastetransformationsbase.ui" />
    <CustomBuild Include="C:\OSGeo4W64\QGIS\src\ui\qgspgnewconnectionbase.ui" />
    <CustomBuild Include="C:\OSGeo4W64\QGIS\src\ui\qgspluginmanagerbase.ui" />
    <CustomBuild Include="C:\OSGeo4W64\QGIS\src\ui\qgspointcloudlayerpropertiesbase.ui" />
    <CustomBuild Include="C:\OSGeo4W64\QGIS\src\ui\qgspointdisplacementrendererwidgetbase.ui" />
    <CustomBuild Include="C:\OSGeo4W64\QGIS\src\ui\qgspostgresprojectstoragedialog.ui" />
    <CustomBuild Include="C:\OSGeo4W64\QGIS\src\ui\qgspresetcolorrampwidgetbase.ui" />
    <CustomBuild Include="C:\OSGeo4W64\QGIS\src\ui\qgsprofilerpanelbase.ui" />
    <CustomBuild Include="C:\OSGeo4W64\QGIS\src\ui\qgsprojectionselectorbase.ui" />
    <CustomBuild Include="C:\OSGeo4W64\QGIS\src\ui\qgsprojectlayergroupdialogbase.ui" />
    <CustomBuild Include="C:\OSGeo4W64\QGIS\src\ui\qgsprojectpropertiesbase.ui" />
    <CustomBuild Include="C:\OSGeo4W64\QGIS\src\ui\qgspropertyassistantwidgetbase.ui" />
    <CustomBuild Include="C:\OSGeo4W64\QGIS\src\ui\qgspropertycolorassistantwidget.ui" />
    <CustomBuild Include="C:\OSGeo4W64\QGIS\src\ui\qgspropertygenericnumericassistantwidget.ui" />
    <CustomBuild Include="C:\OSGeo4W64\QGIS\src\ui\qgspropertysizeassistantwidget.ui" />
    <CustomBuild Include="C:\OSGeo4W64\QGIS\src\ui\qgsquerybuilderbase.ui" />
    <CustomBuild Include="C:\OSGeo4W64\QGIS\src\ui\qgsrastercalcdialogbase.ui" />
    <CustomBuild Include="C:\OSGeo4W64\QGIS\src\ui\qgsrastercontourrendererwidget.ui" />
    <CustomBuild Include="C:\OSGeo4W64\QGIS\src\ui\qgsrasterformatsaveoptionswidgetbase.ui" />
    <CustomBuild Include="C:\OSGeo4W64\QGIS\src\ui\qgsrasterhistogramwidgetbase.ui" />
    <CustomBuild Include="C:\OSGeo4W64\QGIS\src\ui\qgsrasterlayerpropertiesbase.ui" />
    <CustomBuild Include="C:\OSGeo4W64\QGIS\src\ui\qgsrasterlayersaveasdialogbase.ui" />
    <CustomBuild Include="C:\OSGeo4W64\QGIS\src\ui\qgsrasterminmaxwidgetbase.ui" />
    <CustomBuild Include="C:\OSGeo4W64\QGIS\src\ui\qgsrasterpyramidsoptionswidgetbase.ui" />
    <CustomBuild Include="C:\OSGeo4W64\QGIS\src\ui\qgsrelationmanagerdialogbase.ui" />
    <CustomBuild Include="C:\OSGeo4W64\QGIS\src\ui\qgsrendererpropsdialogbase.ui" />
    <CustomBuild Include="C:\OSGeo4W64\QGIS\src\ui\qgsrendererrasterpropswidgetbase.ui" />
    <CustomBuild Include="C:\OSGeo4W64\QGIS\src\ui\qgsrendererrulepropsdialogbase.ui" />
    <CustomBuild Include="C:\OSGeo4W64\QGIS\src\ui\qgsrulebasedrendererwidget.ui" />
    <CustomBuild Include="C:\OSGeo4W64\QGIS\src\ui\qgssimplifytolerancedialog.ui" />
    <CustomBuild Include="C:\OSGeo4W64\QGIS\src\ui\qgssinglebandgrayrendererwidgetbase.ui" />
    <CustomBuild Include="C:\OSGeo4W64\QGIS\src\ui\qgssinglebandpseudocolorrendererwidgetbase.ui" />
    <CustomBuild Include="C:\OSGeo4W64\QGIS\src\ui\qgssmartgroupconditionwidget.ui" />
    <CustomBuild Include="C:\OSGeo4W64\QGIS\src\ui\qgssmartgroupeditordialogbase.ui" />
    <CustomBuild Include="C:\OSGeo4W64\QGIS\src\ui\qgssourcefieldsproperties.ui" />
    <CustomBuild Include="C:\OSGeo4W64\QGIS\src\ui\qgsspatialitesridsdialogbase.ui" />
    <CustomBuild Include="C:\OSGeo4W64\QGIS\src\ui\qgssqlcomposerdialogbase.ui" />
    <CustomBuild Include="C:\OSGeo4W64\QGIS\src\ui\qgsstatisticalsummarybase.ui" />
    <CustomBuild Include="C:\OSGeo4W64\QGIS\src\ui\qgsstyleexportimportdialogbase.ui" />
    <CustomBuild Include="C:\OSGeo4W64\QGIS\src\ui\qgsstylegroupselectiondialogbase.ui" />
    <CustomBuild Include="C:\OSGeo4W64\QGIS\src\ui\qgsstyleitemslistwidgetbase.ui" />
    <CustomBuild Include="C:\OSGeo4W64\QGIS\src\ui\qgsstylemanagerdialogbase.ui" />
    <CustomBuild Include="C:\OSGeo4W64\QGIS\src\ui\qgsstylesavedialog.ui" />
    <CustomBuild Include="C:\OSGeo4W64\QGIS\src\ui\qgssublayersdialogbase.ui" />
    <CustomBuild Include="C:\OSGeo4W64\QGIS\src\ui\qgssubstitutionlistwidgetbase.ui" />
    <CustomBuild Include="C:\OSGeo4W64\QGIS\src\ui\qgssymbollevelsdialogbase.ui" />
    <CustomBuild Include="C:\OSGeo4W64\QGIS\src\ui\qgssymbolselectordialogbase.ui" />
    <CustomBuild Include="C:\OSGeo4W64\QGIS\src\ui\qgstableeditorbase.ui" />
    <CustomBuild Include="C:\OSGeo4W64\QGIS\src\ui\qgstableeditorformattingwidgetbase.ui" />
    <CustomBuild Include="C:\OSGeo4W64\QGIS\src\ui\qgstablewidgetuibase.ui" />
    <CustomBuild Include="C:\OSGeo4W64\QGIS\src\ui\qgstemporalcontrollerwidgetbase.ui" />
    <CustomBuild Include="C:\OSGeo4W64\QGIS\src\ui\qgstemporalmapsettingswidgetbase.ui" />
    <CustomBuild Include="C:\OSGeo4W64\QGIS\src\ui\qgstextannotationdialogbase.ui" />
    <CustomBuild Include="C:\OSGeo4W64\QGIS\src\ui\qgstextformatwidgetbase.ui" />
    <CustomBuild Include="C:\OSGeo4W64\QGIS\src\ui\qgstilescalewidgetbase.ui" />
    <CustomBuild Include="C:\OSGeo4W64\QGIS\src\ui\qgstilesourceselectbase.ui" />
    <CustomBuild Include="C:\OSGeo4W64\QGIS\src\ui\qgstipguibase.ui" />
    <CustomBuild Include="C:\OSGeo4W64\QGIS\src\ui\qgsunitselectionwidget.ui" />
    <CustomBuild Include="C:\OSGeo4W64\QGIS\src\ui\qgsuserprofilemanagerwidget.ui" />
    <CustomBuild Include="C:\OSGeo4W64\QGIS\src\ui\qgsvaliditycheckresultsbase.ui" />
    <CustomBuild Include="C:\OSGeo4W64\QGIS\src\ui\qgsvectorlayerdigitizingproperties.ui" />
    <CustomBuild Include="C:\OSGeo4W64\QGIS\src\ui\qgsvectorlayerloadstyledialog.ui" />
    <CustomBuild Include="C:\OSGeo4W64\QGIS\src\ui\qgsvectorlayerpropertiesbase.ui" />
    <CustomBuild Include="C:\OSGeo4W64\QGIS\src\ui\qgsvectorlayersaveasdialogbase.ui" />
    <CustomBuild Include="C:\OSGeo4W64\QGIS\src\ui\qgsvectorlayersavestyledialog.ui" />
    <CustomBuild Include="C:\OSGeo4W64\QGIS\src\ui\qgsvectorlayertemporalpropertieswidgetbase.ui" />
    <CustomBuild Include="C:\OSGeo4W64\QGIS\src\ui\qgsvectortilebasiclabelingwidget.ui" />
    <CustomBuild Include="C:\OSGeo4W64\QGIS\src\ui\qgsvectortilebasicrendererwidget.ui" />
    <CustomBuild Include="C:\OSGeo4W64\QGIS\src\ui\qgsvectortileconnectiondialog.ui" />
    <CustomBuild Include="C:\OSGeo4W64\QGIS\src\ui\qgsvectortilelayerpropertiesbase.ui" />
    <CustomBuild Include="C:\OSGeo4W64\QGIS\src\ui\qgswfssourceselectbase.ui" />
    <CustomBuild Include="C:\OSGeo4W64\QGIS\src\ui\qgswmsdimensiondialogbase.ui" />
    <CustomBuild Include="C:\OSGeo4W64\QGIS\src\ui\qgswmssourceselectbase.ui" />
    <CustomBuild Include="C:\OSGeo4W64\QGIS\src\ui\qgswmtsdimensionsbase.ui" />
    <CustomBuild Include="C:\OSGeo4W64\QGIS\src\ui\qgsxyzconnectiondialog.ui" />
    <CustomBuild Include="C:\OSGeo4W64\QGIS\src\ui\symbollayer\qgs25drendererwidgetbase.ui" />
    <CustomBuild Include="C:\OSGeo4W64\QGIS\src\ui\symbollayer\qgsarrowsymbollayerwidgetbase.ui" />
    <CustomBuild Include="C:\OSGeo4W64\QGIS\src\ui\symbollayer\qgsdashspacewidgetbase.ui" />
    <CustomBuild Include="C:\OSGeo4W64\QGIS\src\ui\symbollayer\qgsgeometrygeneratorwidgetbase.ui" />
    <CustomBuild Include="C:\OSGeo4W64\QGIS\src\ui\symbollayer\qgsheatmaprendererwidgetbase.ui" />
    <CustomBuild Include="C:\OSGeo4W64\QGIS\src\ui\symbollayer\qgsmasksymbollayerwidgetbase.ui" />
    <CustomBuild Include="C:\OSGeo4W64\QGIS\src\ui\symbollayer\qgspointclusterrendererwidgetbase.ui" />
    <CustomBuild Include="C:\OSGeo4W64\QGIS\src\ui\symbollayer\widget_centroidfill.ui" />
    <CustomBuild Include="C:\OSGeo4W64\QGIS\src\ui\symbollayer\widget_ellipse.ui" />
    <CustomBuild Include="C:\OSGeo4W64\QGIS\src\ui\symbollayer\widget_filledmarker.ui" />
    <CustomBuild Include="C:\OSGeo4W64\QGIS\src\ui\symbollayer\widget_fontmarker.ui" />
    <CustomBuild Include="C:\OSGeo4W64\QGIS\src\ui\symbollayer\widget_gradientfill.ui" />
    <CustomBuild Include="C:\OSGeo4W64\QGIS\src\ui\symbollayer\widget_hashline.ui" />
    <CustomBuild Include="C:\OSGeo4W64\QGIS\src\ui\symbollayer\widget_layerproperties.ui" />
    <CustomBuild Include="C:\OSGeo4W64\QGIS\src\ui\symbollayer\widget_linepatternfill.ui" />
    <CustomBuild Include="C:\OSGeo4W64\QGIS\src\ui\symbollayer\widget_markerline.ui" />
    <CustomBuild Include="C:\OSGeo4W64\QGIS\src\ui\symbollayer\widget_pointpatternfill.ui" />
    <CustomBuild Include="C:\OSGeo4W64\QGIS\src\ui\symbollayer\widget_randommarkerfill.ui" />
    <CustomBuild Include="C:\OSGeo4W64\QGIS\src\ui\symbollayer\widget_rasterfill.ui" />
    <CustomBuild Include="C:\OSGeo4W64\QGIS\src\ui\symbollayer\widget_rastermarker.ui" />
    <CustomBuild Include="C:\OSGeo4W64\QGIS\src\ui\symbollayer\widget_set_dd_value.ui" />
    <CustomBuild Include="C:\OSGeo4W64\QGIS\src\ui\symbollayer\widget_shapeburstfill.ui" />
    <CustomBuild Include="C:\OSGeo4W64\QGIS\src\ui\symbollayer\widget_simplefill.ui" />
    <CustomBuild Include="C:\OSGeo4W64\QGIS\src\ui\symbollayer\widget_simpleline.ui" />
    <CustomBuild Include="C:\OSGeo4W64\QGIS\src\ui\symbollayer\widget_simplemarker.ui" />
    <CustomBuild Include="C:\OSGeo4W64\QGIS\src\ui\symbollayer\widget_svgfill.ui" />
    <CustomBuild Include="C:\OSGeo4W64\QGIS\src\ui\symbollayer\widget_svgmarker.ui" />
    <CustomBuild Include="C:\OSGeo4W64\QGIS\src\ui\symbollayer\widget_svgselector.ui" />
    <CustomBuild Include="C:\OSGeo4W64\QGIS\src\ui\symbollayer\widget_symbolslist.ui" />
    <CustomBuild Include="C:\OSGeo4W64\QGIS\src\ui\symbollayer\widget_vectorfield.ui" />
    <CustomBuild Include="C:\OSGeo4W64\QGIS\src\ui\editorwidgets\qgscalendarconfigdlgbase.ui" />
    <CustomBuild Include="C:\OSGeo4W64\QGIS\src\ui\editorwidgets\qgscheckboxconfigdlgbase.ui" />
    <CustomBuild Include="C:\OSGeo4W64\QGIS\src\ui\editorwidgets\qgsdatetimeeditconfig.ui" />
    <CustomBuild Include="C:\OSGeo4W64\QGIS\src\ui\editorwidgets\qgsdummyconfigdlgbase.ui" />
    <CustomBuild Include="C:\OSGeo4W64\QGIS\src\ui\editorwidgets\qgsexternalresourceconfigdlg.ui" />
    <CustomBuild Include="C:\OSGeo4W64\QGIS\src\ui\editorwidgets\qgsrangeconfigdlgbase.ui" />
    <CustomBuild Include="C:\OSGeo4W64\QGIS\src\ui\editorwidgets\qgsrelationreferenceconfigdlgbase.ui" />
    <CustomBuild Include="C:\OSGeo4W64\QGIS\src\ui\editorwidgets\qgstexteditconfigdlg.ui" />
    <CustomBuild Include="C:\OSGeo4W64\QGIS\src\ui\editorwidgets\qgsuniquevaluesconfigdlgbase.ui" />
    <CustomBuild Include="C:\OSGeo4W64\QGIS\src\ui\editorwidgets\qgsvaluemapconfigdlgbase.ui" />
    <CustomBuild Include="C:\OSGeo4W64\QGIS\src\ui\editorwidgets\qgsvaluerelationconfigdlgbase.ui" />
    <CustomBuild Include="C:\OSGeo4W64\QGIS\src\ui\effects\qgseffectpropertieswidget.ui" />
    <CustomBuild Include="C:\OSGeo4W64\QGIS\src\ui\effects\qgseffectstackpropertieswidgetbase.ui" />
    <CustomBuild Include="C:\OSGeo4W64\QGIS\src\ui\effects\widget_blur.ui" />
    <CustomBuild Include="C:\OSGeo4W64\QGIS\src\ui\effects\widget_coloreffects.ui" />
    <CustomBuild Include="C:\OSGeo4W64\QGIS\src\ui\effects\widget_drawsource.ui" />
    <CustomBuild Include="C:\OSGeo4W64\QGIS\src\ui\effects\widget_glow.ui" />
    <CustomBuild Include="C:\OSGeo4W64\QGIS\src\ui\effects\widget_shadoweffect.ui" />
    <CustomBuild Include="C:\OSGeo4W64\QGIS\src\ui\effects\widget_transform.ui" />
    <CustomBuild Include="C:\OSGeo4W64\QGIS\src\ui\processing\qgsmodeldesignerdialogbase.ui" />
    <CustomBuild Include="C:\OSGeo4W64\QGIS\src\ui\processing\qgsmodelinputreorderwidgetbase.ui" />
    <CustomBuild Include="C:\OSGeo4W64\QGIS\src\ui\processing\qgsprocessingaggregatemappingpanelbase.ui" />
    <CustomBuild Include="C:\OSGeo4W64\QGIS\src\ui\processing\qgsprocessingalgorithmdialogbase.ui" />
    <CustomBuild Include="C:\OSGeo4W64\QGIS\src\ui\processing\qgsprocessingalgorithmprogressdialogbase.ui" />
    <CustomBuild Include="C:\OSGeo4W64\QGIS\src\ui\processing\qgsprocessingdestinationwidgetbase.ui" />
    <CustomBuild Include="C:\OSGeo4W64\QGIS\src\ui\processing\qgsprocessingdxflayerdetailswidgetbase.ui" />
    <CustomBuild Include="C:\OSGeo4W64\QGIS\src\ui\processing\qgsprocessingenummodelerwidgetbase.ui" />
    <CustomBuild Include="C:\OSGeo4W64\QGIS\src\ui\processing\qgsprocessingfeaturesourceoptionsbase.ui" />
    <CustomBuild Include="C:\OSGeo4W64\QGIS\src\ui\processing\qgsprocessingfieldsmappingpanelbase.ui" />
    <CustomBuild Include="C:\OSGeo4W64\QGIS\src\ui\processing\qgsprocessingmatrixmodelerwidgetbase.ui" />
    <CustomBuild Include="C:\OSGeo4W64\QGIS\src\ui\processing\qgsprocessingmatrixparameterdialogbase.ui" />
    <CustomBuild Include="C:\OSGeo4W64\QGIS\src\ui\processing\qgsprocessingmeshdatasettimewidget.ui" />
    <CustomBuild Include="C:\OSGeo4W64\QGIS\src\ui\processing\qgsprocessingmultipleselectiondialogbase.ui" />
    <CustomBuild Include="C:\OSGeo4W64\QGIS\src\ui\processing\qgsprocessingparameterswidgetbase.ui" />
    <CustomBuild Include="C:\OSGeo4W64\QGIS\src\ui\processing\qgsprocessingtinmeshdatawidgetbase.ui" />
    <CustomBuild Include="C:\OSGeo4W64\QGIS\src\ui\processing\qgsprocessingvectortilewriterlayerdetailswidgetbase.ui" />
    <CustomBuild Include="C:\OSGeo4W64\QGIS\src\ui\auth\qgsauthauthoritieseditor.ui" />
    <CustomBuild Include="C:\OSGeo4W64\QGIS\src\ui\auth\qgsauthcertificateinfo.ui" />
    <CustomBuild Include="C:\OSGeo4W64\QGIS\src\ui\auth\qgsauthcertificatemanager.ui" />
    <CustomBuild Include="C:\OSGeo4W64\QGIS\src\ui\auth\qgsauthconfigedit.ui" />
    <CustomBuild Include="C:\OSGeo4W64\QGIS\src\ui\auth\qgsauthconfigeditor.ui" />
    <CustomBuild Include="C:\OSGeo4W64\QGIS\src\ui\auth\qgsauthconfigidedit.ui" />
    <CustomBuild Include="C:\OSGeo4W64\QGIS\src\ui\auth\qgsauthconfigselect.ui" />
    <CustomBuild Include="C:\OSGeo4W64\QGIS\src\ui\auth\qgsauthconfiguriedit.ui" />
    <CustomBuild Include="C:\OSGeo4W64\QGIS\src\ui\auth\qgsautheditorwidgets.ui" />
    <CustomBuild Include="C:\OSGeo4W64\QGIS\src\ui\auth\qgsauthidentitieseditor.ui" />
    <CustomBuild Include="C:\OSGeo4W64\QGIS\src\ui\auth\qgsauthimportcertdialog.ui" />
    <CustomBuild Include="C:\OSGeo4W64\QGIS\src\ui\auth\qgsauthimportidentitydialog.ui" />
    <CustomBuild Include="C:\OSGeo4W64\QGIS\src\ui\auth\qgsauthmasterpassresetdialog.ui" />
    <CustomBuild Include="C:\OSGeo4W64\QGIS\src\ui\auth\qgsauthmethodplugins.ui" />
    <CustomBuild Include="C:\OSGeo4W64\QGIS\src\ui\auth\qgsauthserverseditor.ui" />
    <CustomBuild Include="C:\OSGeo4W64\QGIS\src\ui\auth\qgsauthsettingswidget.ui" />
    <CustomBuild Include="C:\OSGeo4W64\QGIS\src\ui\auth\qgsauthsslconfigwidget.ui" />
    <CustomBuild Include="C:\OSGeo4W64\QGIS\src\ui\auth\qgsauthsslerrorsdialog.ui" />
    <CustomBuild Include="C:\OSGeo4W64\QGIS\src\ui\auth\qgsauthsslimportdialog.ui" />
    <CustomBuild Include="C:\OSGeo4W64\QGIS\src\ui\auth\qgsauthsslimporterrors.ui" />
    <CustomBuild Include="C:\OSGeo4W64\QGIS\src\ui\auth\qgsauthtrustedcasdialog.ui" />
    <CustomBuild Include="C:\OSGeo4W64\QGIS\src\ui\raster\qgshillshaderendererwidget.ui" />
    <CustomBuild Include="C:\OSGeo4W64\QGIS\src\ui\raster\qgsrasterlayertemporalpropertieswidgetbase.ui" />
    <CustomBuild Include="C:\OSGeo4W64\QGIS\src\ui\raster\qgsrastertransparencywidget.ui" />
    <CustomBuild Include="C:\OSGeo4W64\QGIS\src\ui\styledock\qgsrenderercontainerbase.ui" />
    <CustomBuild Include="C:\OSGeo4W64\QGIS\src\ui\layout\qgslayout3dmapwidgetbase.ui" />
    <CustomBuild Include="C:\OSGeo4W64\QGIS\src\ui\layout\qgslayoutatlaswidgetbase.ui" />
    <CustomBuild Include="C:\OSGeo4W64\QGIS\src\ui\layout\qgslayoutattributeselectiondialogbase.ui" />
    <CustomBuild Include="C:\OSGeo4W64\QGIS\src\ui\layout\qgslayoutattributetablewidgetbase.ui" />
    <CustomBuild Include="C:\OSGeo4W64\QGIS\src\ui\layout\qgslayoutdesignerbase.ui" />
    <CustomBuild Include="C:\OSGeo4W64\QGIS\src\ui\layout\qgslayoutguidewidgetbase.ui" />
    <CustomBuild Include="C:\OSGeo4W64\QGIS\src\ui\layout\qgslayouthtmlwidgetbase.ui" />
    <CustomBuild Include="C:\OSGeo4W64\QGIS\src\ui\layout\qgslayoutimageexportoptions.ui" />
    <CustomBuild Include="C:\OSGeo4W64\QGIS\src\ui\layout\qgslayoutitemwidgetbase.ui" />
    <CustomBuild Include="C:\OSGeo4W64\QGIS\src\ui\layout\qgslayoutlabelwidgetbase.ui" />
    <CustomBuild Include="C:\OSGeo4W64\QGIS\src\ui\layout\qgslayoutlegendlayersdialogbase.ui" />
    <CustomBuild Include="C:\OSGeo4W64\QGIS\src\ui\layout\qgslayoutlegendnodewidgetbase.ui" />
    <CustomBuild Include="C:\OSGeo4W64\QGIS\src\ui\layout\qgslayoutlegendwidgetbase.ui" />
    <CustomBuild Include="C:\OSGeo4W64\QGIS\src\ui\layout\qgslayoutmanagerbase.ui" />
    <CustomBuild Include="C:\OSGeo4W64\QGIS\src\ui\layout\qgslayoutmanualtablewidgetbase.ui" />
    <CustomBuild Include="C:\OSGeo4W64\QGIS\src\ui\layout\qgslayoutmapclippingwidgetbase.ui" />
    <CustomBuild Include="C:\OSGeo4W64\QGIS\src\ui\layout\qgslayoutmapgridwidgetbase.ui" />
    <CustomBuild Include="C:\OSGeo4W64\QGIS\src\ui\layout\qgslayoutmaplabelingwidgetbase.ui" />
    <CustomBuild Include="C:\OSGeo4W64\QGIS\src\ui\layout\qgslayoutmapwidgetbase.ui" />
    <CustomBuild Include="C:\OSGeo4W64\QGIS\src\ui\layout\qgslayoutmarkerwidgetbase.ui" />
    <CustomBuild Include="C:\OSGeo4W64\QGIS\src\ui\layout\qgslayoutnewitemproperties.ui" />
    <CustomBuild Include="C:\OSGeo4W64\QGIS\src\ui\layout\qgslayoutnewpagedialog.ui" />
    <CustomBuild Include="C:\OSGeo4W64\QGIS\src\ui\layout\qgslayoutpagepropertieswidget.ui" />
    <CustomBuild Include="C:\OSGeo4W64\QGIS\src\ui\layout\qgslayoutpicturewidgetbase.ui" />
    <CustomBuild Include="C:\OSGeo4W64\QGIS\src\ui\layout\qgslayoutpolygonwidgetbase.ui" />
    <CustomBuild Include="C:\OSGeo4W64\QGIS\src\ui\layout\qgslayoutpolylinewidgetbase.ui" />
    <CustomBuild Include="C:\OSGeo4W64\QGIS\src\ui\layout\qgslayoutscalebarwidgetbase.ui" />
    <CustomBuild Include="C:\OSGeo4W64\QGIS\src\ui\layout\qgslayoutshapewidgetbase.ui" />
    <CustomBuild Include="C:\OSGeo4W64\QGIS\src\ui\layout\qgslayouttablebackgroundstyles.ui" />
    <CustomBuild Include="C:\OSGeo4W64\QGIS\src\ui\layout\qgslayoutwidgetbase.ui" />
    <CustomBuild Include="C:\OSGeo4W64\QGIS\src\ui\layout\qgspdfexportoptions.ui" />
    <CustomBuild Include="C:\OSGeo4W64\QGIS\src\ui\layout\qgsreportorganizerwidgetbase.ui" />
    <CustomBuild Include="C:\OSGeo4W64\QGIS\src\ui\layout\qgsreportwidgetfieldgroupsectionbase.ui" />
    <CustomBuild Include="C:\OSGeo4W64\QGIS\src\ui\layout\qgsreportwidgetlayoutsectionbase.ui" />
    <CustomBuild Include="C:\OSGeo4W64\QGIS\src\ui\layout\qgsreportwidgetsectionbase.ui" />
    <CustomBuild Include="C:\OSGeo4W64\QGIS\src\ui\layout\qgssvgexportoptions.ui" />
    <CustomBuild Include="C:\OSGeo4W64\QGIS\src\ui\mesh\qgsmdalsourceselectbase.ui" />
    <CustomBuild Include="C:\OSGeo4W64\QGIS\src\ui\mesh\qgsmeshcalculatordialogbase.ui" />
    <CustomBuild Include="C:\OSGeo4W64\QGIS\src\ui\mesh\qgsmeshdatasetgrouptreewidgetbase.ui" />
    <CustomBuild Include="C:\OSGeo4W64\QGIS\src\ui\mesh\qgsmeshlayerpropertiesbase.ui" />
    <CustomBuild Include="C:\OSGeo4W64\QGIS\src\ui\mesh\qgsmeshrenderer3daveragingwidgetbase.ui" />
    <CustomBuild Include="C:\OSGeo4W64\QGIS\src\ui\mesh\qgsmeshrendereractivedatasetwidgetbase.ui" />
    <CustomBuild Include="C:\OSGeo4W64\QGIS\src\ui\mesh\qgsmeshrenderermeshsettingswidgetbase.ui" />
    <CustomBuild Include="C:\OSGeo4W64\QGIS\src\ui\mesh\qgsmeshrendererscalarsettingswidgetbase.ui" />
    <CustomBuild Include="C:\OSGeo4W64\QGIS\src\ui\mesh\qgsmeshrenderervectorsettingswidgetbase.ui" />
    <CustomBuild Include="C:\OSGeo4W64\QGIS\src\ui\mesh\qgsmeshstaticdatasetwidgetbase.ui" />
    <CustomBuild Include="C:\OSGeo4W64\QGIS\src\ui\mesh\qgsmeshvariablestrokewidthwidgetbase.ui" />
    <CustomBuild Include="C:\OSGeo4W64\QGIS\src\ui\mesh\qgsrenderermeshpropswidgetbase.ui" />
    <CustomBuild Include="C:\OSGeo4W64\QGIS\src\ui\pointcloud\qgspointcloudrendererpropsdialogbase.ui" />
    <CustomBuild Include="C:\OSGeo4W64\QGIS\src\ui\pointcloud\qgspointcloudrgbrendererwidgetbase.ui" />
    <CustomBuild Include="C:\OSGeo4W64\QGIS\src\ui\pointcloud\qgspointcloudsourceselectbase.ui" />
    <CustomBuild Include="C:\OSGeo4W64\QGIS\src\ui\3d\animation3dwidget.ui" />
    <CustomBuild Include="C:\OSGeo4W64\QGIS\src\ui\3d\animationexport3ddialog.ui" />
    <CustomBuild Include="C:\OSGeo4W64\QGIS\src\ui\3d\goochmaterialwidget.ui" />
    <CustomBuild Include="C:\OSGeo4W64\QGIS\src\ui\3d\line3dsymbolwidget.ui" />
    <CustomBuild Include="C:\OSGeo4W64\QGIS\src\ui\3d\map3dconfigwidget.ui" />
    <CustomBuild Include="C:\OSGeo4W64\QGIS\src\ui\3d\map3dexportwidget.ui" />
    <CustomBuild Include="C:\OSGeo4W64\QGIS\src\ui\3d\materialwidget.ui" />
    <CustomBuild Include="C:\OSGeo4W64\QGIS\src\ui\3d\nullmaterialwidget.ui" />
    <CustomBuild Include="C:\OSGeo4W64\QGIS\src\ui\3d\phongmaterialwidget.ui" />
    <CustomBuild Include="C:\OSGeo4W64\QGIS\src\ui\3d\phongtexturedmaterialwidgetbase.ui" />
    <CustomBuild Include="C:\OSGeo4W64\QGIS\src\ui\3d\point3dsymbolwidget.ui" />
    <CustomBuild Include="C:\OSGeo4W64\QGIS\src\ui\3d\polygon3dsymbolwidget.ui" />
    <CustomBuild Include="C:\OSGeo4W64\QGIS\src\ui\3d\qgs3drendererrulepropswidget.ui" />
    <CustomBuild Include="C:\OSGeo4W64\QGIS\src\ui\3d\qgslightswidget.ui" />
    <CustomBuild Include="C:\OSGeo4W64\QGIS\src\ui\3d\qgsmesh3dpropswidget.ui" />
    <CustomBuild Include="C:\OSGeo4W64\QGIS\src\ui\3d\qgspointcloud3dsymbolwidget.ui" />
    <CustomBuild Include="C:\OSGeo4W64\QGIS\src\ui\3d\qgsrulebased3drendererwidget.ui" />
    <CustomBuild Include="C:\OSGeo4W64\QGIS\src\ui\3d\qgsvectorlayer3dpropertieswidget.ui" />
    <CustomBuild Include="C:\OSGeo4W64\QGIS\src\ui\3d\shadowrenderingsettingswidget.ui" />
    <CustomBuild Include="C:\OSGeo4W64\QGIS\src\ui\3d\simplelinematerialwidgetbase.ui" />
    <CustomBuild Include="C:\OSGeo4W64\QGIS\src\ui\3d\skyboxrenderingsettingswidget.ui" />
    <CustomBuild Include="C:\OSGeo4W64\QGIS\src\ui\callouts\widget_simplelinecallout.ui" />
    <CustomBuild Include="C:\OSGeo4W64\QGIS\src\ui\labeling\qgslabelengineconfigdialog.ui" />
    <CustomBuild Include="C:\OSGeo4W64\QGIS\src\ui\labeling\qgslabelingrulepropswidget.ui" />
    <CustomBuild Include="C:\OSGeo4W64\QGIS\src\ui\labeling\qgslabelingwidget.ui" />
    <CustomBuild Include="C:\OSGeo4W64\QGIS\src\ui\labeling\qgslabellineanchorwidgetbase.ui" />
    <CustomBuild Include="C:\OSGeo4W64\QGIS\src\ui\labeling\qgslabelobstaclesettingswidgetbase.ui" />
    <CustomBuild Include="C:\OSGeo4W64\QGIS\src\ui\labeling\qgslabelpropertydialogbase.ui" />
    <CustomBuild Include="C:\OSGeo4W64\QGIS\src\ui\labeling\qgsrulebasedlabelingwidget.ui" />
    <CustomBuild Include="C:\OSGeo4W64\QGIS\src\ui\numericformats\qgsbasicnumericformatwidgetbase.ui" />
    <CustomBuild Include="C:\OSGeo4W64\QGIS\src\ui\numericformats\qgsbearingnumericformatwidgetbase.ui" />
    <CustomBuild Include="C:\OSGeo4W64\QGIS\src\ui\numericformats\qgscurrencynumericformatwidgetbase.ui" />
    <CustomBuild Include="C:\OSGeo4W64\QGIS\src\ui\numericformats\qgsfractionnumericformatwidgetbase.ui" />
    <CustomBuild Include="C:\OSGeo4W64\QGIS\src\ui\numericformats\qgsnumericformatselectorbase.ui" />
    <CustomBuild Include="C:\OSGeo4W64\QGIS\src\ui\numericformats\qgspercentagenumericformatwidgetbase.ui" />
    <CustomBuild Include="C:\OSGeo4W64\QGIS\src\ui\numericformats\qgsscientificnumericformatwidgetbase.ui" />
    <CustomBuild Include="C:\OSGeo4W64\QGIS\src\ui\attributeformconfig\qgsattributeformcontaineredit.ui" />
    <CustomBuild Include="C:\OSGeo4W64\QGIS\src\ui\attributeformconfig\qgsattributetypeedit.ui" />
    <CustomBuild Include="C:\OSGeo4W64\QGIS\src\ui\attributeformconfig\qgsattributewidgeteditgroupbox.ui" />
    <CustomBuild Include="C:\OSGeo4W64\QGIS\src\ui\attributeformconfig\qgsattributewidgetrelationeditwidget.ui" />
    <CustomBuild Include="C:\OSGeo4W64\QGIS\src\ui\georeferencer\qgsgeorefconfigdialogbase.ui" />
    <CustomBuild Include="C:\OSGeo4W64\QGIS\src\ui\georeferencer\qgsgeorefpluginguibase.ui" />
    <CustomBuild Include="C:\OSGeo4W64\QGIS\src\ui\georeferencer\qgsmapcoordsdialogbase.ui" />
    <CustomBuild Include="C:\OSGeo4W64\QGIS\src\ui\georeferencer\qgstransformsettingsdialogbase.ui" />
    <CustomBuild Include="C:\OSGeo4W64\QGIS\src\ui\georeferencer\qgstransformtypedialogbase.ui" />
    <CustomBuild Include="C:\OSGeo4W64\QGIS\ms-windows\osgeo4w\build-qgis-test-x86_64\CMakeFiles\8901c72e9a3a3d94b4e05c6651263864\ui.rule">
      <Filter>CMake Rules</Filter>
    </CustomBuild>
    <CustomBuild Include="C:\OSGeo4W64\QGIS\src\ui\CMakeLists.txt" />
  </ItemGroup>
  <ItemGroup>
    <None Include="C:\OSGeo4W64\QGIS\ms-windows\osgeo4w\build-qgis-test-x86_64\src\ui\CMakeFiles\ui" />
  </ItemGroup>
  <ItemGroup>
    <Filter Include="CMake Rules">
      <UniqueIdentifier>{8F640436-AF42-375B-B7E2-6AA09A84E22F}</UniqueIdentifier>
    </Filter>
  </ItemGroup>
</Project>
